
Microsoft Visual Studio Solution File, Format Version 12.00
# Visual Studio Version 17
VisualStudioVersion = 17.3.32929.385
MinimumVisualStudioVersion = 10.0.40219.1
Project("{9A19103F-16F7-4668-BE54-9A1E7A4F7556}") = "01.Formularios", "01.Formulários\01.Formularios.csproj", "{B61A5866-661F-4C7A-BF9C-AFD0AC894ECA}"
EndProject
Project("{9A19103F-16F7-4668-BE54-9A1E7A4F7556}") = "ComponentesVisuais01", "ComponentesVisuais01\ComponentesVisuais01.csproj", "{B0108FF4-AF6E-4DA0-9BA2-AEE6F94B0AE8}"
EndProject
Project("{FAE04EC0-301F-11D3-BF4B-00C04F79EFBC}") = "NovosComponentesVisuais", "NovosComponentesVisuais\NovosComponentesVisuais.csproj", "{3BDEF266-FD6F-4DA4-94A4-A1FE597CB7F2}"
EndProject
Global
	GlobalSection(SolutionConfigurationPlatforms) = preSolution
		Debug|Any CPU = Debug|Any CPU
		Release|Any CPU = Release|Any CPU
	EndGlobalSection
	GlobalSection(ProjectConfigurationPlatforms) = postSolution
		{B61A5866-661F-4C7A-BF9C-AFD0AC894ECA}.Debug|Any CPU.ActiveCfg = Debug|Any CPU
		{B61A5866-661F-4C7A-BF9C-AFD0AC894ECA}.Debug|Any CPU.Build.0 = Debug|Any CPU
		{B61A5866-661F-4C7A-BF9C-AFD0AC894ECA}.Release|Any CPU.ActiveCfg = Release|Any CPU
		{B61A5866-661F-4C7A-BF9C-AFD0AC894ECA}.Release|Any CPU.Build.0 = Release|Any CPU
		{B0108FF4-AF6E-4DA0-9BA2-AEE6F94B0AE8}.Debug|Any CPU.ActiveCfg = Debug|Any CPU
		{B0108FF4-AF6E-4DA0-9BA2-AEE6F94B0AE8}.Debug|Any CPU.Build.0 = Debug|Any CPU
		{B0108FF4-AF6E-4DA0-9BA2-AEE6F94B0AE8}.Release|Any CPU.ActiveCfg = Release|Any CPU
		{B0108FF4-AF6E-4DA0-9BA2-AEE6F94B0AE8}.Release|Any CPU.Build.0 = Release|Any CPU
		{3BDEF266-FD6F-4DA4-94A4-A1FE597CB7F2}.Debug|Any CPU.ActiveCfg = Debug|Any CPU
		{3BDEF266-FD6F-4DA4-94A4-A1FE597CB7F2}.Debug|Any CPU.Build.0 = Debug|Any CPU
		{3BDEF266-FD6F-4DA4-94A4-A1FE597CB7F2}.Release|Any CPU.ActiveCfg = Release|Any CPU
		{3BDEF266-FD6F-4DA4-94A4-A1FE597CB7F2}.Release|Any CPU.Build.0 = Release|Any CPU
	EndGlobalSection
	GlobalSection(SolutionProperties) = preSolution
		HideSolutionNode = FALSE
	EndGlobalSection
	GlobalSection(ExtensibilityGlobals) = postSolution
		SolutionGuid = {926415CA-8A5A-431C-A8AD-A339D816BAAF}
	EndGlobalSection
EndGlobal
